
Microsoft Visual Studio Solution File, Format Version 12.00
# Visual Studio Version 17
VisualStudioVersion = 17.8.34316.72
MinimumVisualStudioVersion = 10.0.40219.1
Project("{9A19103F-16F7-4668-BE54-9A1E7A4F7556}") = "UniquePlacesToVisit", "UniquePlacesToVisit\UniquePlacesToVisit.csproj", "{0A2CC962-E2D5-4338-A54F-4D36C987A967}"
EndProject
Project("{2150E333-8FDC-42A3-9474-1A3956D46DE8}") = "Data", "Data", "{44B17264-FCD7-4E85-8584-AE391F3423F1}"
EndProject
Project("{2150E333-8FDC-42A3-9474-1A3956D46DE8}") = "Web", "Web", "{95F610B5-AADF-4327-BC70-1496848980CE}"
EndProject
Project("{9A19103F-16F7-4668-BE54-9A1E7A4F7556}") = "UniquePlacesToVisit.Data", "UniquePlacesToVisit.Data\UniquePlacesToVisit.Data.csproj", "{DE8DDBAB-EB59-40CF-A417-9FBEB656037E}"
EndProject
Project("{9A19103F-16F7-4668-BE54-9A1E7A4F7556}") = "UniquePlacesToVisit.Data.Models", "UniquePlacesToVisit.Data.Models\UniquePlacesToVisit.Data.Models.csproj", "{9186A4E6-1B71-48F9-B1F9-34DCC3BCE758}"
EndProject
Project("{9A19103F-16F7-4668-BE54-9A1E7A4F7556}") = "UniquePlacesToVisit.Web.ViewModels", "UniquePlacesToVisit.Web.ViewModels\UniquePlacesToVisit.Web.ViewModels.csproj", "{1D933264-969F-40CC-A755-86508243C454}"
EndProject
Project("{9A19103F-16F7-4668-BE54-9A1E7A4F7556}") = "UniquePlacesToVisit.Common", "UniquePlacesToVisit.Common\UniquePlacesToVisit.Common.csproj", "{99E3BD9E-79CB-4770-9B33-040029493D14}"
EndProject
Project("{2150E333-8FDC-42A3-9474-1A3956D46DE8}") = "Services", "Services", "{D8BBE215-13C8-41F9-B59D-4886FEB1BA6D}"
EndProject
Project("{FAE04EC0-301F-11D3-BF4B-00C04F79EFBC}") = "UniquePlacesToVisit.Services.Data", "UniquePlacesToVisit.Services.Data\UniquePlacesToVisit.Services.Data.csproj", "{C4D24CD0-06DF-4069-921F-4118BE6C48E9}"
EndProject
Project("{FAE04EC0-301F-11D3-BF4B-00C04F79EFBC}") = "UniquePlacesToVisit.Services.Mapping", "UniquePlacesToVisit.Services.Mapping\UniquePlacesToVisit.Services.Mapping.csproj", "{BFA39B0D-26B1-4AF2-8EC1-21F10CFDE8EE}"
EndProject
Global
	GlobalSection(SolutionConfigurationPlatforms) = preSolution
		Debug|Any CPU = Debug|Any CPU
		Release|Any CPU = Release|Any CPU
	EndGlobalSection
	GlobalSection(ProjectConfigurationPlatforms) = postSolution
		{0A2CC962-E2D5-4338-A54F-4D36C987A967}.Debug|Any CPU.ActiveCfg = Debug|Any CPU
		{0A2CC962-E2D5-4338-A54F-4D36C987A967}.Debug|Any CPU.Build.0 = Debug|Any CPU
		{0A2CC962-E2D5-4338-A54F-4D36C987A967}.Release|Any CPU.ActiveCfg = Release|Any CPU
		{0A2CC962-E2D5-4338-A54F-4D36C987A967}.Release|Any CPU.Build.0 = Release|Any CPU
		{DE8DDBAB-EB59-40CF-A417-9FBEB656037E}.Debug|Any CPU.ActiveCfg = Debug|Any CPU
		{DE8DDBAB-EB59-40CF-A417-9FBEB656037E}.Debug|Any CPU.Build.0 = Debug|Any CPU
		{DE8DDBAB-EB59-40CF-A417-9FBEB656037E}.Release|Any CPU.ActiveCfg = Release|Any CPU
		{DE8DDBAB-EB59-40CF-A417-9FBEB656037E}.Release|Any CPU.Build.0 = Release|Any CPU
		{9186A4E6-1B71-48F9-B1F9-34DCC3BCE758}.Debug|Any CPU.ActiveCfg = Debug|Any CPU
		{9186A4E6-1B71-48F9-B1F9-34DCC3BCE758}.Debug|Any CPU.Build.0 = Debug|Any CPU
		{9186A4E6-1B71-48F9-B1F9-34DCC3BCE758}.Release|Any CPU.ActiveCfg = Release|Any CPU
		{9186A4E6-1B71-48F9-B1F9-34DCC3BCE758}.Release|Any CPU.Build.0 = Release|Any CPU
		{1D933264-969F-40CC-A755-86508243C454}.Debug|Any CPU.ActiveCfg = Debug|Any CPU
		{1D933264-969F-40CC-A755-86508243C454}.Debug|Any CPU.Build.0 = Debug|Any CPU
		{1D933264-969F-40CC-A755-86508243C454}.Release|Any CPU.ActiveCfg = Release|Any CPU
		{1D933264-969F-40CC-A755-86508243C454}.Release|Any CPU.Build.0 = Release|Any CPU
		{99E3BD9E-79CB-4770-9B33-040029493D14}.Debug|Any CPU.ActiveCfg = Debug|Any CPU
		{99E3BD9E-79CB-4770-9B33-040029493D14}.Debug|Any CPU.Build.0 = Debug|Any CPU
		{99E3BD9E-79CB-4770-9B33-040029493D14}.Release|Any CPU.ActiveCfg = Release|Any CPU
		{99E3BD9E-79CB-4770-9B33-040029493D14}.Release|Any CPU.Build.0 = Release|Any CPU
		{C4D24CD0-06DF-4069-921F-4118BE6C48E9}.Debug|Any CPU.ActiveCfg = Debug|Any CPU
		{C4D24CD0-06DF-4069-921F-4118BE6C48E9}.Debug|Any CPU.Build.0 = Debug|Any CPU
		{C4D24CD0-06DF-4069-921F-4118BE6C48E9}.Release|Any CPU.ActiveCfg = Release|Any CPU
		{C4D24CD0-06DF-4069-921F-4118BE6C48E9}.Release|Any CPU.Build.0 = Release|Any CPU
		{BFA39B0D-26B1-4AF2-8EC1-21F10CFDE8EE}.Debug|Any CPU.ActiveCfg = Debug|Any CPU
		{BFA39B0D-26B1-4AF2-8EC1-21F10CFDE8EE}.Debug|Any CPU.Build.0 = Debug|Any CPU
		{BFA39B0D-26B1-4AF2-8EC1-21F10CFDE8EE}.Release|Any CPU.ActiveCfg = Release|Any CPU
		{BFA39B0D-26B1-4AF2-8EC1-21F10CFDE8EE}.Release|Any CPU.Build.0 = Release|Any CPU
	EndGlobalSection
	GlobalSection(SolutionProperties) = preSolution
		HideSolutionNode = FALSE
	EndGlobalSection
	GlobalSection(NestedProjects) = preSolution
		{0A2CC962-E2D5-4338-A54F-4D36C987A967} = {95F610B5-AADF-4327-BC70-1496848980CE}
		{DE8DDBAB-EB59-40CF-A417-9FBEB656037E} = {44B17264-FCD7-4E85-8584-AE391F3423F1}
		{9186A4E6-1B71-48F9-B1F9-34DCC3BCE758} = {44B17264-FCD7-4E85-8584-AE391F3423F1}
		{1D933264-969F-40CC-A755-86508243C454} = {95F610B5-AADF-4327-BC70-1496848980CE}
		{C4D24CD0-06DF-4069-921F-4118BE6C48E9} = {D8BBE215-13C8-41F9-B59D-4886FEB1BA6D}
		{BFA39B0D-26B1-4AF2-8EC1-21F10CFDE8EE} = {D8BBE215-13C8-41F9-B59D-4886FEB1BA6D}
	EndGlobalSection
	GlobalSection(ExtensibilityGlobals) = postSolution
		SolutionGuid = {E7E5D8B7-D94A-4B57-AA15-09B428E427BE}
	EndGlobalSection
EndGlobal
